
Microsoft Visual Studio Solution File, Format Version 12.00
# Visual Studio Express 2012 for Windows Desktop
Project("{FAE04EC0-301F-11D3-BF4B-00C04F79EFBC}") = "acumuladores", "acumuladores\acumuladores.csproj", "{3D4073C9-BD3A-4241-9C05-84902206041B}"
EndProject
Global
	GlobalSection(SolutionConfigurationPlatforms) = preSolution
		Debug|Any CPU = Debug|Any CPU
		Release|Any CPU = Release|Any CPU
	EndGlobalSection
	GlobalSection(ProjectConfigurationPlatforms) = postSolution
		{3D4073C9-BD3A-4241-9C05-84902206041B}.Debug|Any CPU.ActiveCfg = Debug|Any CPU
		{3D4073C9-BD3A-4241-9C05-84902206041B}.Debug|Any CPU.Build.0 = Debug|Any CPU
		{3D4073C9-BD3A-4241-9C05-84902206041B}.Release|Any CPU.ActiveCfg = Release|Any CPU
		{3D4073C9-BD3A-4241-9C05-84902206041B}.Release|Any CPU.Build.0 = Release|Any CPU
	EndGlobalSection
	GlobalSection(SolutionProperties) = preSolution
		HideSolutionNode = FALSE
	EndGlobalSection
EndGlobal
