
Microsoft Visual Studio Solution File, Format Version 12.00
# Visual Studio Express 2012 for Windows Desktop
Project("{FAE04EC0-301F-11D3-BF4B-00C04F79EFBC}") = "Condicional_Switch", "Condicional_Switch\Condicional_Switch.csproj", "{EF7E4A9A-F98E-4420-9ADD-30DC115E7E21}"
EndProject
Global
	GlobalSection(SolutionConfigurationPlatforms) = preSolution
		Debug|Any CPU = Debug|Any CPU
		Release|Any CPU = Release|Any CPU
	EndGlobalSection
	GlobalSection(ProjectConfigurationPlatforms) = postSolution
		{EF7E4A9A-F98E-4420-9ADD-30DC115E7E21}.Debug|Any CPU.ActiveCfg = Debug|Any CPU
		{EF7E4A9A-F98E-4420-9ADD-30DC115E7E21}.Debug|Any CPU.Build.0 = Debug|Any CPU
		{EF7E4A9A-F98E-4420-9ADD-30DC115E7E21}.Release|Any CPU.ActiveCfg = Release|Any CPU
		{EF7E4A9A-F98E-4420-9ADD-30DC115E7E21}.Release|Any CPU.Build.0 = Release|Any CPU
	EndGlobalSection
	GlobalSection(SolutionProperties) = preSolution
		HideSolutionNode = FALSE
	EndGlobalSection
EndGlobal
