
Microsoft Visual Studio Solution File, Format Version 12.00
# Visual Studio Express 2012 for Windows Desktop
Project("{FAE04EC0-301F-11D3-BF4B-00C04F79EFBC}") = "Ciclo_for", "Ciclo_for\Ciclo_for.csproj", "{0CDB5333-EDA7-4A6F-833D-C7E221CA12A6}"
EndProject
Global
	GlobalSection(SolutionConfigurationPlatforms) = preSolution
		Debug|Any CPU = Debug|Any CPU
		Release|Any CPU = Release|Any CPU
	EndGlobalSection
	GlobalSection(ProjectConfigurationPlatforms) = postSolution
		{0CDB5333-EDA7-4A6F-833D-C7E221CA12A6}.Debug|Any CPU.ActiveCfg = Debug|Any CPU
		{0CDB5333-EDA7-4A6F-833D-C7E221CA12A6}.Debug|Any CPU.Build.0 = Debug|Any CPU
		{0CDB5333-EDA7-4A6F-833D-C7E221CA12A6}.Release|Any CPU.ActiveCfg = Release|Any CPU
		{0CDB5333-EDA7-4A6F-833D-C7E221CA12A6}.Release|Any CPU.Build.0 = Release|Any CPU
	EndGlobalSection
	GlobalSection(SolutionProperties) = preSolution
		HideSolutionNode = FALSE
	EndGlobalSection
EndGlobal
